{
  "name": "wp-telegram-bot",
  "version": "1.0.0",
  "lockfileVersion": 1,
  "requires": true,
  "dependencies": {
    "@xmpp/base64": {
      "version": "0.9.0",
      "resolved": "https://registry.npmjs.org/@xmpp/base64/-/base64-0.9.0.tgz",
      "integrity": "sha512-/Naw/zQB3YryuQvSS3T3TwBV+z29Ox7RxfAs31foRcGblxw9Vkh4arTqwYpd49BLGbUzw+PBhpCgyJ4IrHPeFA==",
      "requires": {
        "base-64": "^0.1.0"
      }
    },
    "@xmpp/client": {
      "version": "0.9.1",
      "resolved": "https://registry.npmjs.org/@xmpp/client/-/client-0.9.1.tgz",
      "integrity": "sha512-qguGsMqWldEB6AlSxFHsuiZMAuMEtD76xx+o2XhxZjfAjAoptHDQ2E2hCqDPgY/Pe39WHFMKrJAGKbyJR2tP3Q==",
      "requires": {
        "@xmpp/client-core": "^0.9.1",
        "@xmpp/iq": "^0.9.1",
        "@xmpp/middleware": "^0.9.1",
        "@xmpp/reconnect": "^0.9.0",
        "@xmpp/resolve": "^0.9.1",
        "@xmpp/resource-binding": "^0.9.1",
        "@xmpp/sasl": "^0.9.1",
        "@xmpp/sasl-anonymous": "^0.9.0",
        "@xmpp/sasl-plain": "^0.9.0",
        "@xmpp/sasl-scram-sha-1": "^0.9.0",
        "@xmpp/session-establishment": "^0.9.1",
        "@xmpp/starttls": "^0.9.1",
        "@xmpp/stream-features": "^0.9.0",
        "@xmpp/tcp": "^0.9.1",
        "@xmpp/tls": "^0.9.1",
        "@xmpp/websocket": "^0.9.1"
      }
    },
    "@xmpp/client-core": {
      "version": "0.9.1",
      "resolved": "https://registry.npmjs.org/@xmpp/client-core/-/client-core-0.9.1.tgz",
      "integrity": "sha512-c2IMm/z2ZrKHdG/+U7K3OSfNJ7y4SCp9At+mZULVqeRoaU5WuQXgGpZnaKby6jKxZVNffgB0g3K7ey8BH1yMxA==",
      "requires": {
        "@xmpp/connection": "^0.9.1",
        "@xmpp/jid": "^0.9.0",
        "@xmpp/xml": "^0.9.1"
      }
    },
    "@xmpp/component": {
      "version": "0.9.1",
      "resolved": "https://registry.npmjs.org/@xmpp/component/-/component-0.9.1.tgz",
      "integrity": "sha512-yWeZ4BNn/68ASBvI1vVaTjBPW1WgXsHwkIyoiZKA8jbJEE/4+hU2S20sGomGOsh7MvKdkwyZFDY9vq8kR30lqA==",
      "requires": {
        "@xmpp/component-core": "^0.9.1",
        "@xmpp/iq": "^0.9.1",
        "@xmpp/middleware": "^0.9.1",
        "@xmpp/reconnect": "^0.9.0"
      }
    },
    "@xmpp/component-core": {
      "version": "0.9.1",
      "resolved": "https://registry.npmjs.org/@xmpp/component-core/-/component-core-0.9.1.tgz",
      "integrity": "sha512-50qFxrAqAPHUpSRPih6gBfKQY/+DY0qjuV7wclZbT/iwIJ51xci6SSqHBDnWuvIBv2XBMTYFWS7qWAKiP003ww==",
      "requires": {
        "@xmpp/connection-tcp": "^0.9.1",
        "@xmpp/jid": "^0.9.0",
        "@xmpp/xml": "^0.9.1"
      }
    },
    "@xmpp/connection": {
      "version": "0.9.1",
      "resolved": "https://registry.npmjs.org/@xmpp/connection/-/connection-0.9.1.tgz",
      "integrity": "sha512-ImkqaiIc4xZgO1D8RuJrkWxE95anFScVqV2gsF3N4xCuoZBesUedj5BUwDVrsnDkm0a7cCkpO5oJcQl9CAFvOw==",
      "requires": {
        "@xmpp/error": "^0.9.0",
        "@xmpp/events": "^0.9.0",
        "@xmpp/jid": "^0.9.0",
        "@xmpp/xml": "^0.9.1"
      }
    },
    "@xmpp/connection-tcp": {
      "version": "0.9.1",
      "resolved": "https://registry.npmjs.org/@xmpp/connection-tcp/-/connection-tcp-0.9.1.tgz",
      "integrity": "sha512-fXt2CaF7QQAIlGirlxdRILxcad+pAioY5SpP3ImvoxDddm/OEsBDErAX9dOvszZ2WLJSgBuSIQiySRM3Dczx5A==",
      "requires": {
        "@xmpp/connection": "^0.9.1",
        "@xmpp/xml": "^0.9.1"
      }
    },
    "@xmpp/debug": {
      "version": "0.9.1",
      "resolved": "https://registry.npmjs.org/@xmpp/debug/-/debug-0.9.1.tgz",
      "integrity": "sha512-J5ZI8OW2RNpZgmj8BP+Ce+IMtFZ7X3WtBtYVHZ+P9g3XJhm2A/POI5gHX1NQ66FoeshNNZAwWH3my7l4KJponA==",
      "requires": {
        "@xmpp/xml": "^0.9.1"
      }
    },
    "@xmpp/error": {
      "version": "0.9.0",
      "resolved": "https://registry.npmjs.org/@xmpp/error/-/error-0.9.0.tgz",
      "integrity": "sha512-W8gqCwii+SmI8h1fx0HCFgfYMtrO0hjR2DeLHchn89F1x6o2fGisllLQ38vfCZWIqy3wXfLPuf5q6WM6nHe8gQ=="
    },
    "@xmpp/events": {
      "version": "0.9.0",
      "resolved": "https://registry.npmjs.org/@xmpp/events/-/events-0.9.0.tgz",
      "integrity": "sha512-ckOtr2u4NfsJxq7cl/6aZbQh3aXkrZHXOmm4Q+hdbUECZxpE1AxRu0QuxVS8yqmx+eVjGzOX98My4c0Dbe6CfQ==",
      "requires": {
        "events": "^3.0.0"
      }
    },
    "@xmpp/id": {
      "version": "0.9.0",
      "resolved": "https://registry.npmjs.org/@xmpp/id/-/id-0.9.0.tgz",
      "integrity": "sha512-h7ycA0kDYM8fTObqtys92L3JTECnv6TUoUKP7Canq9xQP1k3K//ZMnMMFXc8NlU3Jl2U7V1Ny9zJlYM9gYv25w=="
    },
    "@xmpp/iq": {
      "version": "0.9.1",
      "resolved": "https://registry.npmjs.org/@xmpp/iq/-/iq-0.9.1.tgz",
      "integrity": "sha512-IXCby5CxcdcQcTJ/Dc6QkRK8AjIYBlMxmD23VD7uNeMYrnmSpvzgB6Hy2CCfYBrZPFtyo0cOF+tkKNMb0SQSMw==",
      "requires": {
        "@xmpp/events": "^0.9.0",
        "@xmpp/id": "^0.9.0",
        "@xmpp/middleware": "^0.9.1",
        "@xmpp/xml": "^0.9.1"
      }
    },
    "@xmpp/jid": {
      "version": "0.9.0",
      "resolved": "https://registry.npmjs.org/@xmpp/jid/-/jid-0.9.0.tgz",
      "integrity": "sha512-ZBQS8vNUDwhH0Xtrx5+SUnvQlLvpCJhG59BqlbJe6/6AWWCzclismKGMs7UkzkbnBUhNn0cGmeD4iKrsW96mCA=="
    },
    "@xmpp/middleware": {
      "version": "0.9.1",
      "resolved": "https://registry.npmjs.org/@xmpp/middleware/-/middleware-0.9.1.tgz",
      "integrity": "sha512-Phk013PtVM/uJvfwB9+jRQ7R4pA7H/XDN1oatkllm1eb9OthhBedeLg45LV5mxrpQD6CkmJwAo3ijHe3LGYzow==",
      "requires": {
        "@xmpp/error": "^0.9.0",
        "@xmpp/jid": "^0.9.0",
        "@xmpp/xml": "^0.9.1",
        "koa-compose": "^4.1.0"
      }
    },
    "@xmpp/reconnect": {
      "version": "0.9.0",
      "resolved": "https://registry.npmjs.org/@xmpp/reconnect/-/reconnect-0.9.0.tgz",
      "integrity": "sha512-c7SicqcosnXpJ+s4jjGof94FzHEChKiInTf4Colh7WkVWwXtsGrRU1PMYIbX3P/58t5EqgZvfCYQrGjsWSB0kg==",
      "requires": {
        "@xmpp/events": "^0.9.0"
      }
    },
    "@xmpp/resolve": {
      "version": "0.9.1",
      "resolved": "https://registry.npmjs.org/@xmpp/resolve/-/resolve-0.9.1.tgz",
      "integrity": "sha512-UTakKMzB0X5yVFsq+O3GzIQFgAxgIRy1t/SSN5ako5AwdIMbFkpzHMCASnfyKjDlVNdNiZoCcZQRv5ew0Xq8Mw==",
      "requires": {
        "@xmpp/connection": "^0.9.1",
        "@xmpp/xml": "^0.9.1",
        "node-fetch": "^2.3.0"
      }
    },
    "@xmpp/resource-binding": {
      "version": "0.9.1",
      "resolved": "https://registry.npmjs.org/@xmpp/resource-binding/-/resource-binding-0.9.1.tgz",
      "integrity": "sha512-4jlO94wmijFslwFO5oxrbbbR7iNdSpmFcdTlXoOiLNG2zivGuS11slzXjQ6izV+mug+aaE8sD6cpgG48ras/Yg==",
      "requires": {
        "@xmpp/xml": "^0.9.1"
      }
    },
    "@xmpp/sasl": {
      "version": "0.9.1",
      "resolved": "https://registry.npmjs.org/@xmpp/sasl/-/sasl-0.9.1.tgz",
      "integrity": "sha512-lroLCF1Vnq2OK9Yy9o1CxrCC0TzonEMKKvbN8TCS7i6S3xRr5I5uUVOI74F1hYdOIM6ixlS52oFyt/TQgYOLiA==",
      "requires": {
        "@xmpp/base64": "^0.9.0",
        "@xmpp/error": "^0.9.0",
        "@xmpp/xml": "^0.9.1",
        "saslmechanisms": "^0.1.1"
      }
    },
    "@xmpp/sasl-anonymous": {
      "version": "0.9.0",
      "resolved": "https://registry.npmjs.org/@xmpp/sasl-anonymous/-/sasl-anonymous-0.9.0.tgz",
      "integrity": "sha512-F7t5LnSfmvybLBUsEOFkhvEJgY+CKdO09r5lmup5SvtYPIXMjLOb26qS+hn68woz2s1sk+tj5VUzEm/NbmfgAQ==",
      "requires": {
        "sasl-anonymous": "^0.1.0"
      }
    },
    "@xmpp/sasl-plain": {
      "version": "0.9.0",
      "resolved": "https://registry.npmjs.org/@xmpp/sasl-plain/-/sasl-plain-0.9.0.tgz",
      "integrity": "sha512-7Jn34z88cy1khFYYFCnRQw0K10O+XxDKK13ImuOOS+tag+7ulvd2wT1cWJFcRIBsDvZJSqqROBfqXwHgd4PrYg==",
      "requires": {
        "sasl-plain": "^0.1.0"
      }
    },
    "@xmpp/sasl-scram-sha-1": {
      "version": "0.9.0",
      "resolved": "https://registry.npmjs.org/@xmpp/sasl-scram-sha-1/-/sasl-scram-sha-1-0.9.0.tgz",
      "integrity": "sha512-AXV+Z5nwKKfkqg/XKsVi/fpJrJvhwUdZHxz84+cSskmfmD47cZw07eWkbFubs551qlAKeM/viSRE0WEaZqe4mA==",
      "requires": {
        "sasl-scram-sha-1": "^1.2.0"
      }
    },
    "@xmpp/session-establishment": {
      "version": "0.9.1",
      "resolved": "https://registry.npmjs.org/@xmpp/session-establishment/-/session-establishment-0.9.1.tgz",
      "integrity": "sha512-XIXZ0m8sy3n1XFMlWExYTCgfN0YCz7qG9+m3tSjW6ALg/YhMQ9Pe0wskXE8ragbjXFwZSnsr83Qc+gVUZpXrYg==",
      "requires": {
        "@xmpp/xml": "^0.9.1"
      }
    },
    "@xmpp/starttls": {
      "version": "0.9.1",
      "resolved": "https://registry.npmjs.org/@xmpp/starttls/-/starttls-0.9.1.tgz",
      "integrity": "sha512-1alXPfWR1vrmjLvPSv5YqhVn1FMCisEE733QIpy7zLg9nBlTMlrcAfmSYUdpyfvXLx9G3wTPKKC0iyPkbqJ6rw==",
      "requires": {
        "@xmpp/xml": "^0.9.1"
      }
    },
    "@xmpp/stream-features": {
      "version": "0.9.0",
      "resolved": "https://registry.npmjs.org/@xmpp/stream-features/-/stream-features-0.9.0.tgz",
      "integrity": "sha512-kO3sUE9+E1/0SoVe5KVbA/jrMIUp8vkk7kcEIzv3TBLQLlA0nnrbaTh3Wf1fvuOtJ8L2Tj1J06haLORY6h6rHQ=="
    },
    "@xmpp/tcp": {
      "version": "0.9.1",
      "resolved": "https://registry.npmjs.org/@xmpp/tcp/-/tcp-0.9.1.tgz",
      "integrity": "sha512-nLLZt+PBBwJDy/zAd60Xro3IRBco1iAiCQfq9Q+cWlPUPgYbMcUeiMATljryt3dVUwZ4HEjJYAo/ha9s9CeQ7w==",
      "requires": {
        "@xmpp/connection-tcp": "^0.9.1"
      }
    },
    "@xmpp/test": {
      "version": "0.9.1",
      "resolved": "https://registry.npmjs.org/@xmpp/test/-/test-0.9.1.tgz",
      "integrity": "sha512-Cc0SpmIGgSs9D2BmsrLKzG2SDsi2m+CyWrXmO7UwG5+T3+gmGp5LqY87QWnKKzVt9NRbnI3jNnG6YFOalHP80Q==",
      "requires": {
        "@xmpp/client": "^0.9.1",
        "@xmpp/connection": "^0.9.1",
        "@xmpp/debug": "^0.9.1",
        "@xmpp/events": "^0.9.0",
        "@xmpp/jid": "^0.9.0",
        "@xmpp/xml": "^0.9.1"
      }
    },
    "@xmpp/time": {
      "version": "0.9.0",
      "resolved": "https://registry.npmjs.org/@xmpp/time/-/time-0.9.0.tgz",
      "integrity": "sha512-V2DJs/fzJPInidejheP6SPj14VQh7yxdf+ENujZEXhbmppbg/k+Sg9XM2DfripVee1BW5+lCcOvLyzfBOb3hjA=="
    },
    "@xmpp/tls": {
      "version": "0.9.1",
      "resolved": "https://registry.npmjs.org/@xmpp/tls/-/tls-0.9.1.tgz",
      "integrity": "sha512-fRdo3lrFj2KVI9Nj3DmGmsOSYi9+c2dJ5mDgdxzdwHgkVvcZr4yBOMIvRCK2xpXiuaniPfUiO3HW8d6sySBMyg==",
      "requires": {
        "@xmpp/connection": "^0.9.1",
        "@xmpp/connection-tcp": "^0.9.1"
      }
    },
    "@xmpp/uri": {
      "version": "0.9.0",
      "resolved": "https://registry.npmjs.org/@xmpp/uri/-/uri-0.9.0.tgz",
      "integrity": "sha512-PXgF7wolDOtc0Mubzt9lL3rmAj25pzTcyWjKeBGNataYjY54PBNrrNHXHHS8B52wnsfmsHnW6JnPIswwzU7qxA==",
      "requires": {
        "@xmpp/jid": "^0.9.0",
        "iri": "^1.3.0"
      }
    },
    "@xmpp/websocket": {
      "version": "0.9.1",
      "resolved": "https://registry.npmjs.org/@xmpp/websocket/-/websocket-0.9.1.tgz",
      "integrity": "sha512-Z+iKHzJDHKWV54MVdBpHauENQcDZLrZQO59a/xUZhzd5ZcxTJbbGXkXDg2Yl49FtTsFyC4JbAwC6BF5KkZpSuA==",
      "requires": {
        "@xmpp/connection": "^0.9.1",
        "@xmpp/xml": "^0.9.1",
        "ws": "^7.0.0"
      }
    },
    "@xmpp/xml": {
      "version": "0.9.1",
      "resolved": "https://registry.npmjs.org/@xmpp/xml/-/xml-0.9.1.tgz",
      "integrity": "sha512-1603DMqNfSJ+0bVHph6AbxHZ49oTCmnKaZdhnhnKTKTnPy4YkJrL7sZSgVwWuy4kEDNJbxlnr4VubPU7l4wp2A==",
      "requires": {
        "ltx": "^2.8.1"
      }
    },
    "ajv": {
      "version": "5.5.2",
      "resolved": "https://registry.npmjs.org/ajv/-/ajv-5.5.2.tgz",
      "integrity": "sha1-c7Xuyj+rZT49P5Qis0GtQiBdyWU=",
      "requires": {
        "co": "^4.6.0",
        "fast-deep-equal": "^1.0.0",
        "fast-json-stable-stringify": "^2.0.0",
        "json-schema-traverse": "^0.3.0"
      }
    },
    "array.prototype.findindex": {
      "version": "2.0.2",
      "resolved": "https://registry.npmjs.org/array.prototype.findindex/-/array.prototype.findindex-2.0.2.tgz",
      "integrity": "sha1-WAaNJYh+9QXknckssAxE3O5VsGc=",
      "requires": {
        "define-properties": "^1.1.2",
        "es-abstract": "^1.5.0"
      }
    },
    "asn1": {
      "version": "0.2.3",
      "resolved": "https://registry.npmjs.org/asn1/-/asn1-0.2.3.tgz",
      "integrity": "sha1-2sh4dxPJlmhJ/IGAd36+nB3fO4Y="
    },
    "assert-plus": {
      "version": "1.0.0",
      "resolved": "https://registry.npmjs.org/assert-plus/-/assert-plus-1.0.0.tgz",
      "integrity": "sha1-8S4PPF13sLHN2RRpQuTpbB5N1SU="
    },
    "asynckit": {
      "version": "0.4.0",
      "resolved": "https://registry.npmjs.org/asynckit/-/asynckit-0.4.0.tgz",
      "integrity": "sha1-x57Zf380y48robyXkLzDZkdLS3k="
    },
    "aws-sign2": {
      "version": "0.7.0",
      "resolved": "https://registry.npmjs.org/aws-sign2/-/aws-sign2-0.7.0.tgz",
      "integrity": "sha1-tG6JCTSpWR8tL2+G1+ap8bP+dqg="
    },
    "aws4": {
      "version": "1.6.0",
      "resolved": "https://registry.npmjs.org/aws4/-/aws4-1.6.0.tgz",
      "integrity": "sha1-g+9cqGCysy5KDe7e6MdxudtXRx4="
    },
    "base-64": {
      "version": "0.1.0",
      "resolved": "https://registry.npmjs.org/base-64/-/base-64-0.1.0.tgz",
      "integrity": "sha1-eAqZyE59YAJgNhURxId2E78k9rs="
    },
    "bcrypt-pbkdf": {
      "version": "1.0.1",
      "resolved": "https://registry.npmjs.org/bcrypt-pbkdf/-/bcrypt-pbkdf-1.0.1.tgz",
      "integrity": "sha1-Y7xdy2EzG5K8Bf1SiVPDNGKgb40=",
      "optional": true,
      "requires": {
        "tweetnacl": "^0.14.3"
      }
    },
    "bitwise-xor": {
      "version": "0.0.0",
      "resolved": "https://registry.npmjs.org/bitwise-xor/-/bitwise-xor-0.0.0.tgz",
      "integrity": "sha1-BAqBcrW7jMVisLcRnyMLKhp4Dj0="
    },
    "bl": {
      "version": "1.2.2",
      "resolved": "https://registry.npmjs.org/bl/-/bl-1.2.2.tgz",
      "integrity": "sha512-e8tQYnZodmebYDWGH7KMRvtzKXaJHx3BbilrgZCfvyLUYdKpK1t5PSPmpkny/SgiTSCnjfLW7v5rlONXVFkQEA==",
      "requires": {
        "readable-stream": "^2.3.5",
        "safe-buffer": "^5.1.1"
      },
      "dependencies": {
        "process-nextick-args": {
          "version": "2.0.1",
          "resolved": "https://registry.npmjs.org/process-nextick-args/-/process-nextick-args-2.0.1.tgz",
          "integrity": "sha512-3ouUOpQhtgrbOa17J7+uxOTpITYWaGP7/AhoR3+A+/1e9skrzelGi/dXzEYyvbxubEF6Wn2ypscTKiKJFFn1ag=="
        },
        "readable-stream": {
          "version": "2.3.6",
          "resolved": "https://registry.npmjs.org/readable-stream/-/readable-stream-2.3.6.tgz",
          "integrity": "sha512-tQtKA9WIAhBF3+VLAseyMqZeBjW0AHJoxOtYqSUZNJxauErmLbVm2FW1y+J/YA9dUrAC39ITejlZWhVIwawkKw==",
          "requires": {
            "core-util-is": "~1.0.0",
            "inherits": "~2.0.3",
            "isarray": "~1.0.0",
            "process-nextick-args": "~2.0.0",
            "safe-buffer": "~5.1.1",
            "string_decoder": "~1.1.1",
            "util-deprecate": "~1.0.1"
          }
        },
        "string_decoder": {
          "version": "1.1.1",
          "resolved": "https://registry.npmjs.org/string_decoder/-/string_decoder-1.1.1.tgz",
          "integrity": "sha512-n/ShnvDi6FHbbVfviro+WojiFzv+s8MPMHBczVePfUpDJLwoLT0ht1l4YwBCbi8pJAveEEdnkHyPyTP/mzRfwg==",
          "requires": {
            "safe-buffer": "~5.1.0"
          }
        }
      }
    },
    "bluebird": {
      "version": "3.7.2",
      "resolved": "https://registry.npmjs.org/bluebird/-/bluebird-3.7.2.tgz",
      "integrity": "sha512-XpNj6GDQzdfW+r2Wnn7xiSAd7TM3jzkxGXBGTtWKuSXv1xUV+azxAm8jdWZN06QTQk+2N2XB9jRDkvbmQmcRtg=="
    },
    "boom": {
      "version": "4.3.1",
      "resolved": "https://registry.npmjs.org/boom/-/boom-4.3.1.tgz",
      "integrity": "sha1-T4owBctKfjiJ90kDD9JbluAdLjE=",
      "requires": {
        "hoek": "4.x.x"
      }
    },
    "bson": {
      "version": "1.1.5",
      "resolved": "https://registry.npmjs.org/bson/-/bson-1.1.5.tgz",
      "integrity": "sha512-kDuEzldR21lHciPQAIulLs1LZlCXdLziXI6Mb/TDkwXhb//UORJNPXgcRs2CuO4H0DcMkpfT3/ySsP3unoZjBg=="
    },
    "caseless": {
      "version": "0.12.0",
      "resolved": "https://registry.npmjs.org/caseless/-/caseless-0.12.0.tgz",
      "integrity": "sha1-G2gcIf+EAzyCZUMJBolCDRhxUdw="
    },
    "cipher-base": {
      "version": "1.0.4",
      "resolved": "https://registry.npmjs.org/cipher-base/-/cipher-base-1.0.4.tgz",
      "integrity": "sha512-Kkht5ye6ZGmwv40uUDZztayT2ThLQGfnj/T71N/XzeZeo3nf8foyW7zGTsPYkEya3m5f3cAypH+qe7YOrM1U2Q==",
      "requires": {
        "inherits": "^2.0.1",
        "safe-buffer": "^5.0.1"
      }
    },
    "co": {
      "version": "4.6.0",
      "resolved": "https://registry.npmjs.org/co/-/co-4.6.0.tgz",
      "integrity": "sha1-bqa989hTrlTMuOR7+gvz+QMfsYQ="
    },
    "combined-stream": {
      "version": "1.0.6",
      "resolved": "https://registry.npmjs.org/combined-stream/-/combined-stream-1.0.6.tgz",
      "integrity": "sha1-cj599ugBrFYTETp+RFqbactjKBg=",
      "requires": {
        "delayed-stream": "~1.0.0"
      }
    },
    "core-util-is": {
      "version": "1.0.2",
      "resolved": "https://registry.npmjs.org/core-util-is/-/core-util-is-1.0.2.tgz",
      "integrity": "sha1-tf1UIgqivFq1eqtxQMlAdUUDwac="
    },
    "create-hash": {
      "version": "1.2.0",
      "resolved": "https://registry.npmjs.org/create-hash/-/create-hash-1.2.0.tgz",
      "integrity": "sha512-z00bCGNHDG8mHAkP7CtT1qVu+bFQUPjYq/4Iv3C3kWjTFV10zIjfSoeqXo9Asws8gwSHDGj/hl2u4OGIjapeCg==",
      "requires": {
        "cipher-base": "^1.0.1",
        "inherits": "^2.0.1",
        "md5.js": "^1.3.4",
        "ripemd160": "^2.0.1",
        "sha.js": "^2.4.0"
      }
    },
    "create-hmac": {
      "version": "1.1.7",
      "resolved": "https://registry.npmjs.org/create-hmac/-/create-hmac-1.1.7.tgz",
      "integrity": "sha512-MJG9liiZ+ogc4TzUwuvbER1JRdgvUFSB5+VR/g5h82fGaIRWMWddtKBHi7/sVhfjQZ6SehlyhvQYrcYkaUIpLg==",
      "requires": {
        "cipher-base": "^1.0.3",
        "create-hash": "^1.1.0",
        "inherits": "^2.0.1",
        "ripemd160": "^2.0.0",
        "safe-buffer": "^5.0.1",
        "sha.js": "^2.4.8"
      }
    },
    "cryptiles": {
      "version": "3.1.2",
      "resolved": "https://registry.npmjs.org/cryptiles/-/cryptiles-3.1.2.tgz",
      "integrity": "sha1-qJ+7Ig9c4l7FboxKqKT9e1sNKf4=",
      "requires": {
        "boom": "5.x.x"
      },
      "dependencies": {
        "boom": {
          "version": "5.2.0",
          "resolved": "https://registry.npmjs.org/boom/-/boom-5.2.0.tgz",
          "integrity": "sha512-Z5BTk6ZRe4tXXQlkqftmsAUANpXmuwlsF5Oov8ThoMbQRzdGTA1ngYRW160GexgOgjsFOKJz0LYhoNi+2AMBUw==",
          "requires": {
            "hoek": "4.x.x"
          }
        }
      }
    },
    "dashdash": {
      "version": "1.14.1",
      "resolved": "https://registry.npmjs.org/dashdash/-/dashdash-1.14.1.tgz",
      "integrity": "sha1-hTz6D3y+L+1d4gMmuN1YEDX24vA=",
      "requires": {
        "assert-plus": "^1.0.0"
      }
    },
    "debug": {
      "version": "2.6.9",
      "resolved": "https://registry.npmjs.org/debug/-/debug-2.6.9.tgz",
      "integrity": "sha512-bC7ElrdJaJnPbAP+1EotYvqZsb3ecl5wi6Bfi6BJTUcNowp6cvspg0jXznRTKDjm/E7AdgFBVeAPVMNcKGsHMA==",
      "requires": {
        "ms": "2.0.0"
      }
    },
    "define-properties": {
      "version": "1.1.3",
      "resolved": "https://registry.npmjs.org/define-properties/-/define-properties-1.1.3.tgz",
      "integrity": "sha512-3MqfYKj2lLzdMSf8ZIZE/V+Zuy+BgD6f164e8K2w7dgnpKArBDerGYpM46IYYcjnkdPNMjPk9A6VFB8+3SKlXQ==",
      "requires": {
        "object-keys": "^1.0.12"
      }
    },
    "delayed-stream": {
      "version": "1.0.0",
      "resolved": "https://registry.npmjs.org/delayed-stream/-/delayed-stream-1.0.0.tgz",
      "integrity": "sha1-3zrhmayt+31ECqrgsp4icrJOxhk="
    },
    "denque": {
      "version": "1.4.1",
      "resolved": "https://registry.npmjs.org/denque/-/denque-1.4.1.tgz",
      "integrity": "sha512-OfzPuSZKGcgr96rf1oODnfjqBFmr1DVoc/TrItj3Ohe0Ah1C5WX5Baquw/9U9KovnQ88EqmJbD66rKYUQYN1tQ=="
    },
    "depd": {
      "version": "1.1.2",
      "resolved": "https://registry.npmjs.org/depd/-/depd-1.1.2.tgz",
      "integrity": "sha1-m81S4UwJd2PnSbJ0xDRu0uVgtak="
    },
    "dotenv": {
      "version": "4.0.0",
      "resolved": "https://registry.npmjs.org/dotenv/-/dotenv-4.0.0.tgz",
      "integrity": "sha1-hk7xN5rO1Vzm+V3r7NzhefegzR0="
    },
    "ecc-jsbn": {
      "version": "0.1.1",
      "resolved": "https://registry.npmjs.org/ecc-jsbn/-/ecc-jsbn-0.1.1.tgz",
      "integrity": "sha1-D8c6ntXw1Tw4GTOYUj735UN3dQU=",
      "optional": true,
      "requires": {
        "jsbn": "~0.1.0"
      }
    },
    "end-of-stream": {
      "version": "1.4.4",
      "resolved": "https://registry.npmjs.org/end-of-stream/-/end-of-stream-1.4.4.tgz",
      "integrity": "sha512-+uw1inIHVPQoaVuHzRyXd21icM+cnt4CzD5rW+NC1wjOUSTOs+Te7FOv7AhN7vS9x/oIyhLP5PR1H+phQAHu5Q==",
      "requires": {
        "once": "^1.4.0"
      }
    },
    "es-abstract": {
      "version": "1.17.0",
      "resolved": "https://registry.npmjs.org/es-abstract/-/es-abstract-1.17.0.tgz",
      "integrity": "sha512-yYkE07YF+6SIBmg1MsJ9dlub5L48Ek7X0qz+c/CPCHS9EBXfESorzng4cJQjJW5/pB6vDF41u7F8vUhLVDqIug==",
      "requires": {
        "es-to-primitive": "^1.2.1",
        "function-bind": "^1.1.1",
        "has": "^1.0.3",
        "has-symbols": "^1.0.1",
        "is-callable": "^1.1.5",
        "is-regex": "^1.0.5",
        "object-inspect": "^1.7.0",
        "object-keys": "^1.1.1",
        "object.assign": "^4.1.0",
        "string.prototype.trimleft": "^2.1.1",
        "string.prototype.trimright": "^2.1.1"
      }
    },
    "es-to-primitive": {
      "version": "1.2.1",
      "resolved": "https://registry.npmjs.org/es-to-primitive/-/es-to-primitive-1.2.1.tgz",
      "integrity": "sha512-QCOllgZJtaUo9miYBcLChTUaHNjJF3PYs1VidD7AwiEj1kYxKeQTctLAezAOH5ZKRH0g2IgPn6KwB4IT8iRpvA==",
      "requires": {
        "is-callable": "^1.1.4",
        "is-date-object": "^1.0.1",
        "is-symbol": "^1.0.2"
      }
    },
    "eventemitter3": {
      "version": "3.1.2",
      "resolved": "https://registry.npmjs.org/eventemitter3/-/eventemitter3-3.1.2.tgz",
      "integrity": "sha512-tvtQIeLVHjDkJYnzf2dgVMxfuSGJeM/7UCG17TT4EumTfNtF+0nebF/4zWOIkCreAbtNqhGEboB6BWrwqNaw4Q=="
    },
    "events": {
      "version": "3.0.0",
      "resolved": "https://registry.npmjs.org/events/-/events-3.0.0.tgz",
      "integrity": "sha512-Dc381HFWJzEOhQ+d8pkNon++bk9h6cdAoAj4iE6Q4y6xgTzySWXlKn05/TVNpjnfRqi/X0EpJEJohPjNI3zpVA=="
    },
    "extend": {
      "version": "3.0.1",
      "resolved": "https://registry.npmjs.org/extend/-/extend-3.0.1.tgz",
      "integrity": "sha1-p1Xqe8Gt/MWjHOfnYtuq3F5jZEQ="
    },
    "extsprintf": {
      "version": "1.3.0",
      "resolved": "https://registry.npmjs.org/extsprintf/-/extsprintf-1.3.0.tgz",
      "integrity": "sha1-lpGEQOMEGnpBT4xS48V06zw+HgU="
    },
    "fast-deep-equal": {
      "version": "1.0.0",
      "resolved": "https://registry.npmjs.org/fast-deep-equal/-/fast-deep-equal-1.0.0.tgz",
      "integrity": "sha1-liVqO8l1WV6zbYLpkp0GDYk0Of8="
    },
    "fast-json-stable-stringify": {
      "version": "2.0.0",
      "resolved": "https://registry.npmjs.org/fast-json-stable-stringify/-/fast-json-stable-stringify-2.0.0.tgz",
      "integrity": "sha1-1RQsDK7msRifh9OnYREGT4bIu/I="
    },
    "file-type": {
      "version": "3.9.0",
      "resolved": "https://registry.npmjs.org/file-type/-/file-type-3.9.0.tgz",
      "integrity": "sha1-JXoHg4TR24CHvESdEH1SpSZyuek="
    },
    "forever-agent": {
      "version": "0.6.1",
      "resolved": "https://registry.npmjs.org/forever-agent/-/forever-agent-0.6.1.tgz",
      "integrity": "sha1-+8cfDEGt6zf5bFd60e1C2P2sypE="
    },
    "form-data": {
      "version": "2.3.2",
      "resolved": "https://registry.npmjs.org/form-data/-/form-data-2.3.2.tgz",
      "integrity": "sha1-SXBJi+YEwgwAXU9cI67NIda0kJk=",
      "requires": {
        "asynckit": "^0.4.0",
        "combined-stream": "1.0.6",
        "mime-types": "^2.1.12"
      }
    },
    "function-bind": {
      "version": "1.1.1",
      "resolved": "https://registry.npmjs.org/function-bind/-/function-bind-1.1.1.tgz",
      "integrity": "sha512-yIovAzMX49sF8Yl58fSCWJ5svSLuaibPxXQJFLmBObTuCr0Mf1KiPopGM9NiFjiYBCbfaa2Fh6breQ6ANVTI0A=="
    },
    "getpass": {
      "version": "0.1.7",
      "resolved": "https://registry.npmjs.org/getpass/-/getpass-0.1.7.tgz",
      "integrity": "sha1-Xv+OPmhNVprkyysSgmBOi6YhSfo=",
      "requires": {
        "assert-plus": "^1.0.0"
      }
    },
    "har-schema": {
      "version": "2.0.0",
      "resolved": "https://registry.npmjs.org/har-schema/-/har-schema-2.0.0.tgz",
      "integrity": "sha1-qUwiJOvKwEeCoNkDVSHyRzW37JI="
    },
    "har-validator": {
      "version": "5.0.3",
      "resolved": "https://registry.npmjs.org/har-validator/-/har-validator-5.0.3.tgz",
      "integrity": "sha1-ukAsJmGU8VlW7xXg/PJCmT9qff0=",
      "requires": {
        "ajv": "^5.1.0",
        "har-schema": "^2.0.0"
      }
    },
    "has": {
      "version": "1.0.3",
      "resolved": "https://registry.npmjs.org/has/-/has-1.0.3.tgz",
      "integrity": "sha512-f2dvO0VU6Oej7RkWJGrehjbzMAjFp5/VKPp5tTpWIV4JHHZK1/BxbFRtf/siA2SWTe09caDmVtYYzWEIbBS4zw==",
      "requires": {
        "function-bind": "^1.1.1"
      }
    },
    "has-symbols": {
      "version": "1.0.1",
      "resolved": "https://registry.npmjs.org/has-symbols/-/has-symbols-1.0.1.tgz",
      "integrity": "sha512-PLcsoqu++dmEIZB+6totNFKq/7Do+Z0u4oT0zKOJNl3lYK6vGwwu2hjHs+68OEZbTjiUE9bgOABXbP/GvrS0Kg=="
    },
    "hash-base": {
      "version": "3.0.4",
      "resolved": "https://registry.npmjs.org/hash-base/-/hash-base-3.0.4.tgz",
      "integrity": "sha1-X8hoaEfs1zSZQDMZprCj8/auSRg=",
      "requires": {
        "inherits": "^2.0.1",
        "safe-buffer": "^5.0.1"
      }
    },
    "hawk": {
      "version": "6.0.2",
      "resolved": "https://registry.npmjs.org/hawk/-/hawk-6.0.2.tgz",
      "integrity": "sha512-miowhl2+U7Qle4vdLqDdPt9m09K6yZhkLDTWGoUiUzrQCn+mHHSmfJgAyGaLRZbPmTqfFFjRV1QWCW0VWUJBbQ==",
      "requires": {
        "boom": "4.x.x",
        "cryptiles": "3.x.x",
        "hoek": "4.x.x",
        "sntp": "2.x.x"
      }
    },
    "hoek": {
      "version": "4.2.1",
      "resolved": "https://registry.npmjs.org/hoek/-/hoek-4.2.1.tgz",
      "integrity": "sha512-QLg82fGkfnJ/4iy1xZ81/9SIJiq1NGFUMGs6ParyjBZr6jW2Ufj/snDqTHixNlHdPNwN2RLVD0Pi3igeK9+JfA=="
    },
    "http-signature": {
      "version": "1.2.0",
      "resolved": "https://registry.npmjs.org/http-signature/-/http-signature-1.2.0.tgz",
      "integrity": "sha1-muzZJRFHcvPZW2WmCruPfBj7rOE=",
      "requires": {
        "assert-plus": "^1.0.0",
        "jsprim": "^1.2.2",
        "sshpk": "^1.7.0"
      }
    },
    "inherits": {
      "version": "2.0.3",
      "resolved": "https://registry.npmjs.org/inherits/-/inherits-2.0.3.tgz",
      "integrity": "sha1-Yzwsg+PaQqUC9SRmAiSA9CCCYd4="
    },
    "iri": {
      "version": "1.3.0",
      "resolved": "https://registry.npmjs.org/iri/-/iri-1.3.0.tgz",
      "integrity": "sha512-1bPyBMoj15VLCxtPDPC7YREka60TTAp7FH+4cU7k/haISq4XyR4/GVMmX+J3TeIOlNYH7twHbpYO9QQyejBZMg=="
    },
    "is-callable": {
      "version": "1.1.5",
      "resolved": "https://registry.npmjs.org/is-callable/-/is-callable-1.1.5.tgz",
      "integrity": "sha512-ESKv5sMCJB2jnHTWZ3O5itG+O128Hsus4K4Qh1h2/cgn2vbgnLSVqfV46AeJA9D5EeeLa9w81KUXMtn34zhX+Q=="
    },
    "is-date-object": {
      "version": "1.0.2",
      "resolved": "https://registry.npmjs.org/is-date-object/-/is-date-object-1.0.2.tgz",
      "integrity": "sha512-USlDT524woQ08aoZFzh3/Z6ch9Y/EWXEHQ/AaRN0SkKq4t2Jw2R2339tSXmwuVoY7LLlBCbOIlx2myP/L5zk0g=="
    },
    "is-regex": {
      "version": "1.0.5",
      "resolved": "https://registry.npmjs.org/is-regex/-/is-regex-1.0.5.tgz",
      "integrity": "sha512-vlKW17SNq44owv5AQR3Cq0bQPEb8+kF3UKZ2fiZNOWtztYE5i0CzCZxFDwO58qAOWtxdBRVO/V5Qin1wjCqFYQ==",
      "requires": {
        "has": "^1.0.3"
      }
    },
    "is-symbol": {
      "version": "1.0.3",
      "resolved": "https://registry.npmjs.org/is-symbol/-/is-symbol-1.0.3.tgz",
      "integrity": "sha512-OwijhaRSgqvhm/0ZdAcXNZt9lYdKFpcRDT5ULUuYXPoT794UNOdU+gpT6Rzo7b4V2HUl/op6GqY894AZwv9faQ==",
      "requires": {
        "has-symbols": "^1.0.1"
      }
    },
    "is-typedarray": {
      "version": "1.0.0",
      "resolved": "https://registry.npmjs.org/is-typedarray/-/is-typedarray-1.0.0.tgz",
      "integrity": "sha1-5HnICFjfDBsR3dppQPlgEfzaSpo="
    },
    "isarray": {
      "version": "1.0.0",
      "resolved": "https://registry.npmjs.org/isarray/-/isarray-1.0.0.tgz",
      "integrity": "sha1-u5NdSFgsuhaMBoNJV6VKPgcSTxE="
    },
    "isstream": {
      "version": "0.1.2",
      "resolved": "https://registry.npmjs.org/isstream/-/isstream-0.1.2.tgz",
      "integrity": "sha1-R+Y/evVa+m+S4VAOaQ64uFKcCZo="
    },
    "jsbn": {
      "version": "0.1.1",
      "resolved": "https://registry.npmjs.org/jsbn/-/jsbn-0.1.1.tgz",
      "integrity": "sha1-peZUwuWi3rXyAdls77yoDA7y9RM=",
      "optional": true
    },
    "json-schema": {
      "version": "0.2.3",
      "resolved": "https://registry.npmjs.org/json-schema/-/json-schema-0.2.3.tgz",
      "integrity": "sha1-tIDIkuWaLwWVTOcnvT8qTogvnhM="
    },
    "json-schema-traverse": {
      "version": "0.3.1",
      "resolved": "https://registry.npmjs.org/json-schema-traverse/-/json-schema-traverse-0.3.1.tgz",
      "integrity": "sha1-NJptRMU6Ud6JtAgFxdXlm0F9M0A="
    },
    "json-stringify-safe": {
      "version": "5.0.1",
      "resolved": "https://registry.npmjs.org/json-stringify-safe/-/json-stringify-safe-5.0.1.tgz",
      "integrity": "sha1-Epai1Y/UXxmg9s4B1lcB4sc1tus="
    },
    "jsprim": {
      "version": "1.4.1",
      "resolved": "https://registry.npmjs.org/jsprim/-/jsprim-1.4.1.tgz",
      "integrity": "sha1-MT5mvB5cwG5Di8G3SZwuXFastqI=",
      "requires": {
        "assert-plus": "1.0.0",
        "extsprintf": "1.3.0",
        "json-schema": "0.2.3",
        "verror": "1.10.0"
      }
    },
    "koa-compose": {
      "version": "4.1.0",
      "resolved": "https://registry.npmjs.org/koa-compose/-/koa-compose-4.1.0.tgz",
      "integrity": "sha512-8ODW8TrDuMYvXRwra/Kh7/rJo9BtOfPc6qO8eAfC80CnCvSjSl0bkRM24X6/XBBEyj0v1nRUQ1LyOy3dbqOWXw=="
    },
    "lodash": {
      "version": "4.17.15",
      "resolved": "https://registry.npmjs.org/lodash/-/lodash-4.17.15.tgz",
      "integrity": "sha512-8xOcRHvCjnocdS5cpwXQXVzmmh5e5+saE2QGoeQmbKmRS6J3VQppPOIt0MnmE+4xlZoumy0GPG0D0MVIQbNA1A=="
    },
    "ltx": {
      "version": "2.9.2",
      "resolved": "https://registry.npmjs.org/ltx/-/ltx-2.9.2.tgz",
      "integrity": "sha512-llB7HflFhlfsYYT1SAe80elCBO5C20ryLdwPB/A/BZk38hhVeZztDlWQ9uTyvKNPX4aK6sA+JfS1f/mfzp5cxA==",
      "requires": {
        "inherits": "^2.0.4"
      },
      "dependencies": {
        "inherits": {
          "version": "2.0.4",
          "resolved": "https://registry.npmjs.org/inherits/-/inherits-2.0.4.tgz",
          "integrity": "sha512-k/vGaX4/Yla3WzyMCvTQOXYeIHvqOKtnqBduzTHpzpQZzAskKMhZ2K+EnBiSM9zGSoIFeMpXKxa4dYeZIQqewQ=="
        }
      }
    },
    "md5.js": {
      "version": "1.3.5",
      "resolved": "https://registry.npmjs.org/md5.js/-/md5.js-1.3.5.tgz",
      "integrity": "sha512-xitP+WxNPcTTOgnTJcrhM0xvdPepipPSf3I8EIpGKeFLjt3PlJLIDG3u8EX53ZIubkb+5U2+3rELYpEhHhzdkg==",
      "requires": {
        "hash-base": "^3.0.0",
        "inherits": "^2.0.1",
        "safe-buffer": "^5.1.2"
      },
      "dependencies": {
        "safe-buffer": {
          "version": "5.2.0",
          "resolved": "https://registry.npmjs.org/safe-buffer/-/safe-buffer-5.2.0.tgz",
          "integrity": "sha512-fZEwUGbVl7kouZs1jCdMLdt95hdIv0ZeHg6L7qPeciMZhZ+/gdesW4wgTARkrFWEpspjEATAzUGPG8N2jJiwbg=="
        }
      }
    },
    "memory-pager": {
      "version": "1.5.0",
      "resolved": "https://registry.npmjs.org/memory-pager/-/memory-pager-1.5.0.tgz",
      "integrity": "sha512-ZS4Bp4r/Zoeq6+NLJpP+0Zzm0pR8whtGPf1XExKLJBAczGMnSi3It14OiNCStjQjM6NU1okjQGSxgEZN8eBYKg==",
      "optional": true
    },
    "mime": {
      "version": "1.6.0",
      "resolved": "https://registry.npmjs.org/mime/-/mime-1.6.0.tgz",
      "integrity": "sha512-x0Vn8spI+wuJ1O6S7gnbaQg8Pxh4NNHb7KSINmEWKiPE4RKOplvijn+NkmYmmRgP68mc70j2EbeTFRsrswaQeg=="
    },
    "mime-db": {
      "version": "1.33.0",
      "resolved": "https://registry.npmjs.org/mime-db/-/mime-db-1.33.0.tgz",
      "integrity": "sha512-BHJ/EKruNIqJf/QahvxwQZXKygOQ256myeN/Ew+THcAa5q+PjyTTMMeNQC4DZw5AwfvelsUrA6B67NKMqXDbzQ=="
    },
    "mime-types": {
      "version": "2.1.18",
      "resolved": "https://registry.npmjs.org/mime-types/-/mime-types-2.1.18.tgz",
      "integrity": "sha512-lc/aahn+t4/SWV/qcmumYjymLsWfN3ELhpmVuUFjgsORruuZPVSwAQryq+HHGvO/SI2KVX26bx+En+zhM8g8hQ==",
      "requires": {
        "mime-db": "~1.33.0"
      }
    },
    "mongodb": {
      "version": "3.6.3",
      "resolved": "https://registry.npmjs.org/mongodb/-/mongodb-3.6.3.tgz",
      "integrity": "sha512-rOZuR0QkodZiM+UbQE5kDsJykBqWi0CL4Ec2i1nrGrUI3KO11r6Fbxskqmq3JK2NH7aW4dcccBuUujAP0ERl5w==",
      "requires": {
        "bl": "^2.2.1",
        "bson": "^1.1.4",
        "denque": "^1.4.1",
        "require_optional": "^1.0.1",
        "safe-buffer": "^5.1.2",
        "saslprep": "^1.0.0"
      },
      "dependencies": {
        "bl": {
          "version": "2.2.1",
          "resolved": "https://registry.npmjs.org/bl/-/bl-2.2.1.tgz",
          "integrity": "sha512-6Pesp1w0DEX1N550i/uGV/TqucVL4AM/pgThFSN/Qq9si1/DF9aIHs1BxD8V/QU0HoeHO6cQRTAuYnLPKq1e4g==",
          "requires": {
            "readable-stream": "^2.3.5",
            "safe-buffer": "^5.1.1"
          }
        },
        "safe-buffer": {
          "version": "5.2.1",
          "resolved": "https://registry.npmjs.org/safe-buffer/-/safe-buffer-5.2.1.tgz",
          "integrity": "sha512-rp3So07KcdmmKbGvgaNxQSJr7bGVSVk5S9Eq1F+ppbRo70+YeaDxkw5Dd8NPN+GD6bjnYm2VuPuCXmpuYvmCXQ=="
        }
      }
    },
    "ms": {
      "version": "2.0.0",
      "resolved": "https://registry.npmjs.org/ms/-/ms-2.0.0.tgz",
      "integrity": "sha1-VgiurfwAvmwpAd9fmGF4jeDVl8g="
    },
    "node-fetch": {
      "version": "2.6.0",
      "resolved": "https://registry.npmjs.org/node-fetch/-/node-fetch-2.6.0.tgz",
      "integrity": "sha512-8dG4H5ujfvFiqDmVu9fQ5bOHUC15JMjMY/Zumv26oOvvVJjM67KF8koCWIabKQ1GJIa9r2mMZscBq/TbdOcmNA=="
    },
    "node-telegram-bot-api": {
      "version": "0.30.0",
      "resolved": "https://registry.npmjs.org/node-telegram-bot-api/-/node-telegram-bot-api-0.30.0.tgz",
      "integrity": "sha512-+EeM+fe3Xt81KIPqN3L6s6eK+FK4QaqyDcwCwkY/jqsleERXwwjGlVbf4lJCOZ0uJuF5PfqTmvVNtua7AZfBXg==",
      "requires": {
        "array.prototype.findindex": "^2.0.2",
        "bl": "^1.2.1",
        "bluebird": "^3.5.1",
        "debug": "^3.1.0",
        "depd": "^1.1.1",
        "eventemitter3": "^3.0.0",
        "file-type": "^3.9.0",
        "mime": "^1.6.0",
        "pump": "^2.0.0",
        "request": "^2.83.0",
        "request-promise": "^4.2.2"
      },
      "dependencies": {
        "debug": {
          "version": "3.2.6",
          "resolved": "https://registry.npmjs.org/debug/-/debug-3.2.6.tgz",
          "integrity": "sha512-mel+jf7nrtEl5Pn1Qx46zARXKDpBbvzezse7p7LqINmdoIk8PYP5SySaxEmYv6TZ0JyEKA1hsCId6DIhgITtWQ==",
          "requires": {
            "ms": "^2.1.1"
          }
        },
        "ms": {
          "version": "2.1.2",
          "resolved": "https://registry.npmjs.org/ms/-/ms-2.1.2.tgz",
          "integrity": "sha512-sGkPx+VjMtmA6MX27oA4FBFELFCZZ4S4XqeGOXCv68tT+jb3vk/RyaKWP0PTKyWtmLSM0b+adUTEvbs1PEaH2w=="
        }
      }
    },
    "oauth-sign": {
      "version": "0.8.2",
      "resolved": "https://registry.npmjs.org/oauth-sign/-/oauth-sign-0.8.2.tgz",
      "integrity": "sha1-Rqarfwrq2N6unsBWV4C31O/rnUM="
    },
    "object-inspect": {
      "version": "1.7.0",
      "resolved": "https://registry.npmjs.org/object-inspect/-/object-inspect-1.7.0.tgz",
      "integrity": "sha512-a7pEHdh1xKIAgTySUGgLMx/xwDZskN1Ud6egYYN3EdRW4ZMPNEDUTF+hwy2LUC+Bl+SyLXANnwz/jyh/qutKUw=="
    },
    "object-keys": {
      "version": "1.1.1",
      "resolved": "https://registry.npmjs.org/object-keys/-/object-keys-1.1.1.tgz",
      "integrity": "sha512-NuAESUOUMrlIXOfHKzD6bpPu3tYt3xvjNdRIQ+FeT0lNb4K8WR70CaDxhuNguS2XG+GjkyMwOzsN5ZktImfhLA=="
    },
    "object.assign": {
      "version": "4.1.0",
      "resolved": "https://registry.npmjs.org/object.assign/-/object.assign-4.1.0.tgz",
      "integrity": "sha512-exHJeq6kBKj58mqGyTQ9DFvrZC/eR6OwxzoM9YRoGBqrXYonaFyGiFMuc9VZrXf7DarreEwMpurG3dd+CNyW5w==",
      "requires": {
        "define-properties": "^1.1.2",
        "function-bind": "^1.1.1",
        "has-symbols": "^1.0.0",
        "object-keys": "^1.0.11"
      }
    },
    "once": {
      "version": "1.4.0",
      "resolved": "https://registry.npmjs.org/once/-/once-1.4.0.tgz",
      "integrity": "sha1-WDsap3WWHUsROsF9nFC6753Xa9E=",
      "requires": {
        "wrappy": "1"
      }
    },
    "performance-now": {
      "version": "2.1.0",
      "resolved": "https://registry.npmjs.org/performance-now/-/performance-now-2.1.0.tgz",
      "integrity": "sha1-Ywn04OX6kT7BxpMHrjZLSzd8nns="
    },
    "process-nextick-args": {
      "version": "2.0.1",
      "resolved": "https://registry.npmjs.org/process-nextick-args/-/process-nextick-args-2.0.1.tgz",
      "integrity": "sha512-3ouUOpQhtgrbOa17J7+uxOTpITYWaGP7/AhoR3+A+/1e9skrzelGi/dXzEYyvbxubEF6Wn2ypscTKiKJFFn1ag=="
    },
    "pump": {
      "version": "2.0.1",
      "resolved": "https://registry.npmjs.org/pump/-/pump-2.0.1.tgz",
      "integrity": "sha512-ruPMNRkN3MHP1cWJc9OWr+T/xDP0jhXYCLfJcBuX54hhfIBnaQmAUMfDcG4DM5UMWByBbJY69QSphm3jtDKIkA==",
      "requires": {
        "end-of-stream": "^1.1.0",
        "once": "^1.3.1"
      }
    },
    "punycode": {
      "version": "1.4.1",
      "resolved": "https://registry.npmjs.org/punycode/-/punycode-1.4.1.tgz",
      "integrity": "sha1-wNWmOycYgArY4esPpSachN1BhF4="
    },
    "qs": {
      "version": "6.5.1",
      "resolved": "https://registry.npmjs.org/qs/-/qs-6.5.1.tgz",
      "integrity": "sha512-eRzhrN1WSINYCDCbrz796z37LOe3m5tmW7RQf6oBntukAG1nmovJvhnwHHRMAfeoItc1m2Hk02WER2aQ/iqs+A=="
    },
    "randombytes": {
      "version": "2.1.0",
      "resolved": "https://registry.npmjs.org/randombytes/-/randombytes-2.1.0.tgz",
      "integrity": "sha512-vYl3iOX+4CKUWuxGi9Ukhie6fsqXqS9FE2Zaic4tNFD2N2QQaXOMFbuKK4QmDHC0JO6B1Zp41J0LpT0oR68amQ==",
      "requires": {
        "safe-buffer": "^5.1.0"
      }
    },
    "readable-stream": {
      "version": "2.3.7",
      "resolved": "https://registry.npmjs.org/readable-stream/-/readable-stream-2.3.7.tgz",
      "integrity": "sha512-Ebho8K4jIbHAxnuxi7o42OrZgF/ZTNcsZj6nRKyUmkhLFq8CHItp/fy6hQZuZmP/n3yZ9VBUbp4zz/mX8hmYPw==",
      "requires": {
        "core-util-is": "~1.0.0",
        "inherits": "~2.0.3",
        "isarray": "~1.0.0",
        "process-nextick-args": "~2.0.0",
        "safe-buffer": "~5.1.1",
        "string_decoder": "~1.1.1",
        "util-deprecate": "~1.0.1"
      }
    },
    "request": {
      "version": "2.83.0",
      "resolved": "https://registry.npmjs.org/request/-/request-2.83.0.tgz",
      "integrity": "sha512-lR3gD69osqm6EYLk9wB/G1W/laGWjzH90t1vEa2xuxHD5KUrSzp9pUSfTm+YC5Nxt2T8nMPEvKlhbQayU7bgFw==",
      "requires": {
        "aws-sign2": "~0.7.0",
        "aws4": "^1.6.0",
        "caseless": "~0.12.0",
        "combined-stream": "~1.0.5",
        "extend": "~3.0.1",
        "forever-agent": "~0.6.1",
        "form-data": "~2.3.1",
        "har-validator": "~5.0.3",
        "hawk": "~6.0.2",
        "http-signature": "~1.2.0",
        "is-typedarray": "~1.0.0",
        "isstream": "~0.1.2",
        "json-stringify-safe": "~5.0.1",
        "mime-types": "~2.1.17",
        "oauth-sign": "~0.8.2",
        "performance-now": "^2.1.0",
        "qs": "~6.5.1",
        "safe-buffer": "^5.1.1",
        "stringstream": "~0.0.5",
        "tough-cookie": "~2.3.3",
        "tunnel-agent": "^0.6.0",
        "uuid": "^3.1.0"
      }
    },
    "request-promise": {
      "version": "4.2.5",
      "resolved": "https://registry.npmjs.org/request-promise/-/request-promise-4.2.5.tgz",
      "integrity": "sha512-ZgnepCykFdmpq86fKGwqntyTiUrHycALuGggpyCZwMvGaZWgxW6yagT0FHkgo5LzYvOaCNvxYwWYIjevSH1EDg==",
      "requires": {
        "bluebird": "^3.5.0",
        "request-promise-core": "1.1.3",
        "stealthy-require": "^1.1.1",
        "tough-cookie": "^2.3.3"
      }
    },
    "request-promise-core": {
      "version": "1.1.3",
      "resolved": "https://registry.npmjs.org/request-promise-core/-/request-promise-core-1.1.3.tgz",
      "integrity": "sha512-QIs2+ArIGQVp5ZYbWD5ZLCY29D5CfWizP8eWnm8FoGD1TX61veauETVQbrV60662V0oFBkrDOuaBI8XgtuyYAQ==",
      "requires": {
        "lodash": "^4.17.15"
      }
    },
    "require_optional": {
      "version": "1.0.1",
      "resolved": "https://registry.npmjs.org/require_optional/-/require_optional-1.0.1.tgz",
      "integrity": "sha512-qhM/y57enGWHAe3v/NcwML6a3/vfESLe/sGM2dII+gEO0BpKRUkWZow/tyloNqJyN6kXSl3RyyM8Ll5D/sJP8g==",
      "requires": {
        "resolve-from": "^2.0.0",
        "semver": "^5.1.0"
      }
    },
    "resolve-from": {
      "version": "2.0.0",
      "resolved": "https://registry.npmjs.org/resolve-from/-/resolve-from-2.0.0.tgz",
      "integrity": "sha1-lICrIOlP+h2egKgEx+oUdhGWa1c="
    },
    "ripemd160": {
      "version": "2.0.2",
      "resolved": "https://registry.npmjs.org/ripemd160/-/ripemd160-2.0.2.tgz",
      "integrity": "sha512-ii4iagi25WusVoiC4B4lq7pbXfAp3D9v5CwfkY33vffw2+pkDjY1D8GaN7spsxvCSx8dkPqOZCEZyfxcmJG2IA==",
      "requires": {
        "hash-base": "^3.0.0",
        "inherits": "^2.0.1"
      }
    },
    "safe-buffer": {
      "version": "5.1.1",
      "resolved": "https://registry.npmjs.org/safe-buffer/-/safe-buffer-5.1.1.tgz",
      "integrity": "sha512-kKvNJn6Mm93gAczWVJg7wH+wGYWNrDHdWvpUmHyEsgCtIwwo3bqPtV4tR5tuPaUhTOo/kvhVwd8XwwOllGYkbg=="
    },
    "sasl-anonymous": {
      "version": "0.1.0",
      "resolved": "https://registry.npmjs.org/sasl-anonymous/-/sasl-anonymous-0.1.0.tgz",
      "integrity": "sha1-9UTH6CTfKkDZrUczgpVyzI2e1aU="
    },
    "sasl-plain": {
      "version": "0.1.0",
      "resolved": "https://registry.npmjs.org/sasl-plain/-/sasl-plain-0.1.0.tgz",
      "integrity": "sha1-zxRefAIiK2TWDAgG2c0q5TgEJsw="
    },
    "sasl-scram-sha-1": {
      "version": "1.2.1",
      "resolved": "https://registry.npmjs.org/sasl-scram-sha-1/-/sasl-scram-sha-1-1.2.1.tgz",
      "integrity": "sha1-2I1R/qoP8yDY6x1vx1ZXZT+dzUs=",
      "requires": {
        "bitwise-xor": "0.0.0",
        "create-hash": "^1.1.0",
        "create-hmac": "^1.1.3",
        "randombytes": "^2.0.1"
      }
    },
    "saslmechanisms": {
      "version": "0.1.1",
      "resolved": "https://registry.npmjs.org/saslmechanisms/-/saslmechanisms-0.1.1.tgz",
      "integrity": "sha1-R4vhQpUA/PqngL6IszQ87X0qkYI="
    },
    "saslprep": {
      "version": "1.0.3",
      "resolved": "https://registry.npmjs.org/saslprep/-/saslprep-1.0.3.tgz",
      "integrity": "sha512-/MY/PEMbk2SuY5sScONwhUDsV2p77Znkb/q3nSVstq/yQzYJOH/Azh29p9oJLsl3LnQwSvZDKagDGBsBwSooag==",
      "optional": true,
      "requires": {
        "sparse-bitfield": "^3.0.3"
      }
    },
    "semver": {
      "version": "5.7.1",
      "resolved": "https://registry.npmjs.org/semver/-/semver-5.7.1.tgz",
      "integrity": "sha512-sauaDf/PZdVgrLTNYHRtpXa1iRiKcaebiKQ1BJdpQlWH2lCvexQdX55snPFyK7QzpudqbCI0qXFfOasHdyNDGQ=="
    },
    "sha.js": {
      "version": "2.4.11",
      "resolved": "https://registry.npmjs.org/sha.js/-/sha.js-2.4.11.tgz",
      "integrity": "sha512-QMEp5B7cftE7APOjk5Y6xgrbWu+WkLVQwk8JNjZ8nKRciZaByEW6MubieAiToS7+dwvrjGhH8jRXz3MVd0AYqQ==",
      "requires": {
        "inherits": "^2.0.1",
        "safe-buffer": "^5.0.1"
      }
    },
    "sntp": {
      "version": "2.1.0",
      "resolved": "https://registry.npmjs.org/sntp/-/sntp-2.1.0.tgz",
      "integrity": "sha512-FL1b58BDrqS3A11lJ0zEdnJ3UOKqVxawAkF3k7F0CVN7VQ34aZrV+G8BZ1WC9ZL7NyrwsW0oviwsWDgRuVYtJg==",
      "requires": {
        "hoek": "4.x.x"
      }
    },
    "sparse-bitfield": {
      "version": "3.0.3",
      "resolved": "https://registry.npmjs.org/sparse-bitfield/-/sparse-bitfield-3.0.3.tgz",
      "integrity": "sha1-/0rm5oZWBWuks+eSqzM004JzyhE=",
      "optional": true,
      "requires": {
        "memory-pager": "^1.0.2"
      }
    },
    "sshpk": {
      "version": "1.13.1",
      "resolved": "https://registry.npmjs.org/sshpk/-/sshpk-1.13.1.tgz",
      "integrity": "sha1-US322mKHFEMW3EwY/hzx2UBzm+M=",
      "requires": {
        "asn1": "~0.2.3",
        "assert-plus": "^1.0.0",
        "bcrypt-pbkdf": "^1.0.0",
        "dashdash": "^1.12.0",
        "ecc-jsbn": "~0.1.1",
        "getpass": "^0.1.1",
        "jsbn": "~0.1.0",
        "tweetnacl": "~0.14.0"
      }
    },
    "stealthy-require": {
      "version": "1.1.1",
      "resolved": "https://registry.npmjs.org/stealthy-require/-/stealthy-require-1.1.1.tgz",
      "integrity": "sha1-NbCYdbT/SfJqd35QmzCQoyJr8ks="
    },
    "string.prototype.trimleft": {
      "version": "2.1.1",
      "resolved": "https://registry.npmjs.org/string.prototype.trimleft/-/string.prototype.trimleft-2.1.1.tgz",
      "integrity": "sha512-iu2AGd3PuP5Rp7x2kEZCrB2Nf41ehzh+goo8TV7z8/XDBbsvc6HQIlUl9RjkZ4oyrW1XM5UwlGl1oVEaDjg6Ag==",
      "requires": {
        "define-properties": "^1.1.3",
        "function-bind": "^1.1.1"
      }
    },
    "string.prototype.trimright": {
      "version": "2.1.1",
      "resolved": "https://registry.npmjs.org/string.prototype.trimright/-/string.prototype.trimright-2.1.1.tgz",
      "integrity": "sha512-qFvWL3/+QIgZXVmJBfpHmxLB7xsUXz6HsUmP8+5dRaC3Q7oKUv9Vo6aMCRZC1smrtyECFsIT30PqBJ1gTjAs+g==",
      "requires": {
        "define-properties": "^1.1.3",
        "function-bind": "^1.1.1"
      }
    },
    "string_decoder": {
      "version": "1.1.1",
      "resolved": "https://registry.npmjs.org/string_decoder/-/string_decoder-1.1.1.tgz",
      "integrity": "sha512-n/ShnvDi6FHbbVfviro+WojiFzv+s8MPMHBczVePfUpDJLwoLT0ht1l4YwBCbi8pJAveEEdnkHyPyTP/mzRfwg==",
      "requires": {
        "safe-buffer": "~5.1.0"
      }
    },
    "stringstream": {
      "version": "0.0.5",
      "resolved": "https://registry.npmjs.org/stringstream/-/stringstream-0.0.5.tgz",
      "integrity": "sha1-TkhM1N5aC7vuGORjB3EKioFiGHg="
    },
    "tough-cookie": {
      "version": "2.3.3",
      "resolved": "https://registry.npmjs.org/tough-cookie/-/tough-cookie-2.3.3.tgz",
      "integrity": "sha1-C2GKVWW23qkL80JdBNVe3EdadWE=",
      "requires": {
        "punycode": "^1.4.1"
      }
    },
    "tunnel-agent": {
      "version": "0.6.0",
      "resolved": "https://registry.npmjs.org/tunnel-agent/-/tunnel-agent-0.6.0.tgz",
      "integrity": "sha1-J6XeoGs2sEoKmWZ3SykIaPD8QP0=",
      "requires": {
        "safe-buffer": "^5.0.1"
      }
    },
    "tweetnacl": {
      "version": "0.14.5",
      "resolved": "https://registry.npmjs.org/tweetnacl/-/tweetnacl-0.14.5.tgz",
      "integrity": "sha1-WuaBd/GS1EViadEIr6k/+HQ/T2Q=",
      "optional": true
    },
    "util-deprecate": {
      "version": "1.0.2",
      "resolved": "https://registry.npmjs.org/util-deprecate/-/util-deprecate-1.0.2.tgz",
      "integrity": "sha1-RQ1Nyfpw3nMnYvvS1KKJgUGaDM8="
    },
    "uuid": {
      "version": "3.2.1",
      "resolved": "https://registry.npmjs.org/uuid/-/uuid-3.2.1.tgz",
      "integrity": "sha512-jZnMwlb9Iku/O3smGWvZhauCf6cvvpKi4BKRiliS3cxnI+Gz9j5MEpTz2UFuXiKPJocb7gnsLHwiS05ige5BEA=="
    },
    "verror": {
      "version": "1.10.0",
      "resolved": "https://registry.npmjs.org/verror/-/verror-1.10.0.tgz",
      "integrity": "sha1-OhBcoXBTr1XW4nDB+CiGguGNpAA=",
      "requires": {
        "assert-plus": "^1.0.0",
        "core-util-is": "1.0.2",
        "extsprintf": "^1.2.0"
      }
    },
    "wrappy": {
      "version": "1.0.2",
      "resolved": "https://registry.npmjs.org/wrappy/-/wrappy-1.0.2.tgz",
      "integrity": "sha1-tSQ9jz7BqjXxNkYFvA0QNuMKtp8="
    },
    "ws": {
      "version": "7.4.6",
      "resolved": "https://registry.npmjs.org/ws/-/ws-7.4.6.tgz",
      "integrity": "sha512-YmhHDO4MzaDLB+M9ym/mDA5z0naX8j7SIlT8f8z+I0VtzsRbekxEutHSme7NPS2qE8StCYQNUnfWdXta/Yu85A=="
    },
    "xmpp.js": {
      "version": "0.9.1",
      "resolved": "https://registry.npmjs.org/xmpp.js/-/xmpp.js-0.9.1.tgz",
      "integrity": "sha512-pxUVeKVCgLLnEmlwaBmaku3wkGx+sCj6eIuOZ3UB4HgaGq4Vadc4WcX5Yu0ZhB4hCQgcCIydNYJ0mhW1Fm+TWQ==",
      "requires": {
        "@xmpp/base64": "^0.9.0",
        "@xmpp/client": "^0.9.1",
        "@xmpp/client-core": "^0.9.1",
        "@xmpp/component": "^0.9.1",
        "@xmpp/component-core": "^0.9.1",
        "@xmpp/connection": "^0.9.1",
        "@xmpp/connection-tcp": "^0.9.1",
        "@xmpp/debug": "^0.9.1",
        "@xmpp/error": "^0.9.0",
        "@xmpp/events": "^0.9.0",
        "@xmpp/id": "^0.9.0",
        "@xmpp/iq": "^0.9.1",
        "@xmpp/jid": "^0.9.0",
        "@xmpp/middleware": "^0.9.1",
        "@xmpp/reconnect": "^0.9.0",
        "@xmpp/resolve": "^0.9.1",
        "@xmpp/resource-binding": "^0.9.1",
        "@xmpp/sasl": "^0.9.1",
        "@xmpp/sasl-anonymous": "^0.9.0",
        "@xmpp/sasl-plain": "^0.9.0",
        "@xmpp/sasl-scram-sha-1": "^0.9.0",
        "@xmpp/session-establishment": "^0.9.1",
        "@xmpp/starttls": "^0.9.1",
        "@xmpp/stream-features": "^0.9.0",
        "@xmpp/tcp": "^0.9.1",
        "@xmpp/test": "^0.9.1",
        "@xmpp/time": "^0.9.0",
        "@xmpp/tls": "^0.9.1",
        "@xmpp/uri": "^0.9.0",
        "@xmpp/websocket": "^0.9.1",
        "@xmpp/xml": "^0.9.1"
      }
    }
  }
}
